
Microsoft Visual Studio Solution File, Format Version 12.00
# Visual Studio Version 16
VisualStudioVersion = 16.0.31424.327
MinimumVisualStudioVersion = 10.0.40219.1
Project("{8BC9CEB8-8B4A-11D0-8D11-00A0C91BC942}") = "LearnOpenGlBreakoutTutorial", "LearnOpenGlBreakoutTutorial.vcxproj", "{8033C2C8-7020-4174-BDD7-55A5BA09717C}"
EndProject
Global
	GlobalSection(SolutionConfigurationPlatforms) = preSolution
		Debug|x64 = Debug|x64
		Debug|x86 = Debug|x86
		Release|x64 = Release|x64
		Release|x86 = Release|x86
	EndGlobalSection
	GlobalSection(ProjectConfigurationPlatforms) = postSolution
		{8033C2C8-7020-4174-BDD7-55A5BA09717C}.Debug|x64.ActiveCfg = Debug|x64
		{8033C2C8-7020-4174-BDD7-55A5BA09717C}.Debug|x64.Build.0 = Debug|x64
		{8033C2C8-7020-4174-BDD7-55A5BA09717C}.Debug|x86.ActiveCfg = Debug|Win32
		{8033C2C8-7020-4174-BDD7-55A5BA09717C}.Debug|x86.Build.0 = Debug|Win32
		{8033C2C8-7020-4174-BDD7-55A5BA09717C}.Release|x64.ActiveCfg = Release|x64
		{8033C2C8-7020-4174-BDD7-55A5BA09717C}.Release|x64.Build.0 = Release|x64
		{8033C2C8-7020-4174-BDD7-55A5BA09717C}.Release|x86.ActiveCfg = Release|Win32
		{8033C2C8-7020-4174-BDD7-55A5BA09717C}.Release|x86.Build.0 = Release|Win32
	EndGlobalSection
	GlobalSection(SolutionProperties) = preSolution
		HideSolutionNode = FALSE
	EndGlobalSection
	GlobalSection(ExtensibilityGlobals) = postSolution
		SolutionGuid = {868C05D1-7057-4B7D-B9BA-3A2464E76ACD}
	EndGlobalSection
EndGlobal
